
Microsoft Visual Studio Solution File, Format Version 12.00
# Visual Studio 2013
VisualStudioVersion = 12.0.30723.0
MinimumVisualStudioVersion = 10.0.40219.1
Project("{FAE04EC0-301F-11D3-BF4B-00C04F79EFBC}") = "WOT.Server", "WOT.Server\WOT.Server.csproj", "{E0425729-2E5C-4AC1-BDC9-3C40BB0FC660}"
EndProject
Project("{FAE04EC0-301F-11D3-BF4B-00C04F79EFBC}") = "WOT.Kiosk", "WOT.Kiosk\WOT.Kiosk.csproj", "{BE1F6167-56B8-44A8-9E10-19E4B7240116}"
EndProject
Project("{FAE04EC0-301F-11D3-BF4B-00C04F79EFBC}") = "WOT.HubService", "WOT.HubService\WOT.HubService.csproj", "{4D6E0BB7-51A5-4265-B894-363E4D57B815}"
EndProject
Project("{2150E333-8FDC-42A3-9474-1A3956D46DE8}") = "Solution Items", "Solution Items", "{26902ED2-E347-4ADF-A5B1-59C2C16B1F7B}"
EndProject
Global
	GlobalSection(SolutionConfigurationPlatforms) = preSolution
		Debug|Any CPU = Debug|Any CPU
		Release|Any CPU = Release|Any CPU
	EndGlobalSection
	GlobalSection(ProjectConfigurationPlatforms) = postSolution
		{E0425729-2E5C-4AC1-BDC9-3C40BB0FC660}.Debug|Any CPU.ActiveCfg = Debug|Any CPU
		{E0425729-2E5C-4AC1-BDC9-3C40BB0FC660}.Debug|Any CPU.Build.0 = Debug|Any CPU
		{E0425729-2E5C-4AC1-BDC9-3C40BB0FC660}.Release|Any CPU.ActiveCfg = Release|Any CPU
		{E0425729-2E5C-4AC1-BDC9-3C40BB0FC660}.Release|Any CPU.Build.0 = Release|Any CPU
		{BE1F6167-56B8-44A8-9E10-19E4B7240116}.Debug|Any CPU.ActiveCfg = Debug|Any CPU
		{BE1F6167-56B8-44A8-9E10-19E4B7240116}.Debug|Any CPU.Build.0 = Debug|Any CPU
		{BE1F6167-56B8-44A8-9E10-19E4B7240116}.Release|Any CPU.ActiveCfg = Release|Any CPU
		{BE1F6167-56B8-44A8-9E10-19E4B7240116}.Release|Any CPU.Build.0 = Release|Any CPU
		{4D6E0BB7-51A5-4265-B894-363E4D57B815}.Debug|Any CPU.ActiveCfg = Debug|Any CPU
		{4D6E0BB7-51A5-4265-B894-363E4D57B815}.Debug|Any CPU.Build.0 = Debug|Any CPU
		{4D6E0BB7-51A5-4265-B894-363E4D57B815}.Release|Any CPU.ActiveCfg = Release|Any CPU
		{4D6E0BB7-51A5-4265-B894-363E4D57B815}.Release|Any CPU.Build.0 = Release|Any CPU
	EndGlobalSection
	GlobalSection(SolutionProperties) = preSolution
		HideSolutionNode = FALSE
	EndGlobalSection
EndGlobal
